
Microsoft Visual Studio Solution File, Format Version 12.00
# Visual Studio Version 17
VisualStudioVersion = 17.3.32922.545
MinimumVisualStudioVersion = 10.0.40219.1
Project("{FAE04EC0-301F-11D3-BF4B-00C04F79EFBC}") = "CustomMiddlewareConvention", "CustomMiddlewareConvention.csproj", "{4F96C509-FC34-4A82-A2A4-3B3496F30A8E}"
EndProject
Global
	GlobalSection(SolutionConfigurationPlatforms) = preSolution
		Debug|Any CPU = Debug|Any CPU
		Release|Any CPU = Release|Any CPU
	EndGlobalSection
	GlobalSection(ProjectConfigurationPlatforms) = postSolution
		{4F96C509-FC34-4A82-A2A4-3B3496F30A8E}.Debug|Any CPU.ActiveCfg = Debug|Any CPU
		{4F96C509-FC34-4A82-A2A4-3B3496F30A8E}.Debug|Any CPU.Build.0 = Debug|Any CPU
		{4F96C509-FC34-4A82-A2A4-3B3496F30A8E}.Release|Any CPU.ActiveCfg = Release|Any CPU
		{4F96C509-FC34-4A82-A2A4-3B3496F30A8E}.Release|Any CPU.Build.0 = Release|Any CPU
	EndGlobalSection
	GlobalSection(SolutionProperties) = preSolution
		HideSolutionNode = FALSE
	EndGlobalSection
	GlobalSection(ExtensibilityGlobals) = postSolution
		SolutionGuid = {36CE8241-0A7D-4D51-8DBE-2DDD55AC081F}
	EndGlobalSection
EndGlobal
